
Microsoft Visual Studio Solution File, Format Version 12.00
# Visual Studio Version 17
VisualStudioVersion = 17.3.32901.215
MinimumVisualStudioVersion = 10.0.40219.1
Project("{FAE04EC0-301F-11D3-BF4B-00C04F79EFBC}") = "RomanNumersals", "RomanNumersals.csproj", "{575EFFDD-AB9E-4A38-A38D-E7CEAE3EE55D}"
EndProject
Global
	GlobalSection(SolutionConfigurationPlatforms) = preSolution
		Debug|Any CPU = Debug|Any CPU
		Release|Any CPU = Release|Any CPU
	EndGlobalSection
	GlobalSection(ProjectConfigurationPlatforms) = postSolution
		{575EFFDD-AB9E-4A38-A38D-E7CEAE3EE55D}.Debug|Any CPU.ActiveCfg = Debug|Any CPU
		{575EFFDD-AB9E-4A38-A38D-E7CEAE3EE55D}.Debug|Any CPU.Build.0 = Debug|Any CPU
		{575EFFDD-AB9E-4A38-A38D-E7CEAE3EE55D}.Release|Any CPU.ActiveCfg = Release|Any CPU
		{575EFFDD-AB9E-4A38-A38D-E7CEAE3EE55D}.Release|Any CPU.Build.0 = Release|Any CPU
	EndGlobalSection
	GlobalSection(SolutionProperties) = preSolution
		HideSolutionNode = FALSE
	EndGlobalSection
	GlobalSection(ExtensibilityGlobals) = postSolution
		SolutionGuid = {C90BE3CF-8625-45C7-99A9-CBEA32D6FFE7}
	EndGlobalSection
EndGlobal
